
Microsoft Visual Studio Solution File, Format Version 12.00
# Visual Studio Version 17
VisualStudioVersion = 17.8.34330.188
MinimumVisualStudioVersion = 10.0.40219.1
Project("{FAE04EC0-301F-11D3-BF4B-00C04F79EFBC}") = "PROJECT01", "PROJECT01\PROJECT01.csproj", "{D7C67C62-F629-4B8A-91AC-E001D7B1633C}"
EndProject
Project("{FAE04EC0-301F-11D3-BF4B-00C04F79EFBC}") = "FortisGroup.DATABASE", "FortisGroup.DATABASE\FortisGroup.DATABASE.csproj", "{D1EB8B0D-8EFE-4B21-BB6E-E7B25A201B30}"
EndProject
Project("{FAE04EC0-301F-11D3-BF4B-00C04F79EFBC}") = "FortisGroup.MODELS", "FortisGroup.MODELS\FortisGroup.MODELS.csproj", "{5F2FB7FC-005A-45A8-B496-424FFFFDAF0D}"
EndProject
Global
	GlobalSection(SolutionConfigurationPlatforms) = preSolution
		Debug|Any CPU = Debug|Any CPU
		Release|Any CPU = Release|Any CPU
	EndGlobalSection
	GlobalSection(ProjectConfigurationPlatforms) = postSolution
		{D7C67C62-F629-4B8A-91AC-E001D7B1633C}.Debug|Any CPU.ActiveCfg = Debug|Any CPU
		{D7C67C62-F629-4B8A-91AC-E001D7B1633C}.Debug|Any CPU.Build.0 = Debug|Any CPU
		{D7C67C62-F629-4B8A-91AC-E001D7B1633C}.Release|Any CPU.ActiveCfg = Release|Any CPU
		{D7C67C62-F629-4B8A-91AC-E001D7B1633C}.Release|Any CPU.Build.0 = Release|Any CPU
		{D1EB8B0D-8EFE-4B21-BB6E-E7B25A201B30}.Debug|Any CPU.ActiveCfg = Debug|Any CPU
		{D1EB8B0D-8EFE-4B21-BB6E-E7B25A201B30}.Debug|Any CPU.Build.0 = Debug|Any CPU
		{D1EB8B0D-8EFE-4B21-BB6E-E7B25A201B30}.Release|Any CPU.ActiveCfg = Release|Any CPU
		{D1EB8B0D-8EFE-4B21-BB6E-E7B25A201B30}.Release|Any CPU.Build.0 = Release|Any CPU
		{5F2FB7FC-005A-45A8-B496-424FFFFDAF0D}.Debug|Any CPU.ActiveCfg = Debug|Any CPU
		{5F2FB7FC-005A-45A8-B496-424FFFFDAF0D}.Debug|Any CPU.Build.0 = Debug|Any CPU
		{5F2FB7FC-005A-45A8-B496-424FFFFDAF0D}.Release|Any CPU.ActiveCfg = Release|Any CPU
		{5F2FB7FC-005A-45A8-B496-424FFFFDAF0D}.Release|Any CPU.Build.0 = Release|Any CPU
	EndGlobalSection
	GlobalSection(SolutionProperties) = preSolution
		HideSolutionNode = FALSE
	EndGlobalSection
	GlobalSection(ExtensibilityGlobals) = postSolution
		SolutionGuid = {0D99506C-9C6A-45C2-8743-4D57E27B9FDF}
	EndGlobalSection
EndGlobal
